dependencies:
- name: nats
  repository: https://nats-io.github.io/k8s/helm/charts/
  version: 2.12.4
- name: auth-o-tron-chart
  repository: oci://eccr.ecmwf.int/auth-o-tron
  version: 0.3.3
digest: sha256:89774043fbae679b5d672ab252b79e9f3e71e727dddf5a2965c3ef0d32fc0e70
generated: "2026-06-11T12:48:30.538822+02:00"
