dependencies:
- name: nats
  repository: https://nats-io.github.io/k8s/helm/charts/
  version: 2.12.4
- name: auth-o-tron-chart
  repository: oci://eccr.ecmwf.int/auth-o-tron
  version: 0.3.4
digest: sha256:8936bde28b9db7ac6fd2655830e7730661d04008df68dfe88f76c721bdfcec3c
generated: "2026-06-11T14:49:15.077382+02:00"
